{
  "name": "ajson_mirror",
  "version": "1.0.0",
  "lockfileVersion": 1,
  "requires": true,
  "dependencies": {
    "@abaplint/cli": {
      "version": "2.78.1",
      "resolved": "https://registry.npmjs.org/@abaplint/cli/-/cli-2.78.1.tgz",
      "integrity": "sha512-STTwck2Nn0tAro03WWdjNjy+tt7KW50a+bfCiQwNxy39zGoJAmVHb7hOXQKLFK4d5OMCi+3e+DNv6Z5zyG2u1w=="
    }
  }
}
