{
  "name": "aff_mirror",
  "version": "1.0.0",
  "lockfileVersion": 2,
  "requires": true,
  "packages": {
    "": {
      "name": "aff_mirror",
      "version": "1.0.0",
      "license": "ISC",
      "dependencies": {
        "@abaplint/cli": "^2.93.61"
      }
    },
    "node_modules/@abaplint/cli": {
      "version": "2.93.61",
      "resolved": "https://registry.npmjs.org/@abaplint/cli/-/cli-2.93.61.tgz",
      "integrity": "sha512-KlteEmusAmpaf5Gqsha2nG/TjtG3pZT5V/pUet0rF8KjHaOm6n6Mpf+jnamC94O3uAomr6z6vrN3sIBOI/WLPA==",
      "bin": {
        "abaplint": "abaplint"
      },
      "engines": {
        "node": ">=12.0.0"
      }
    }
  },
  "dependencies": {
    "@abaplint/cli": {
      "version": "2.93.61",
      "resolved": "https://registry.npmjs.org/@abaplint/cli/-/cli-2.93.61.tgz",
      "integrity": "sha512-KlteEmusAmpaf5Gqsha2nG/TjtG3pZT5V/pUet0rF8KjHaOm6n6Mpf+jnamC94O3uAomr6z6vrN3sIBOI/WLPA=="
    }
  }
}
