{
  "name": "aff_mirror",
  "version": "1.0.0",
  "lockfileVersion": 1,
  "requires": true,
  "dependencies": {
    "@abaplint/cli": {
      "version": "2.79.28",
      "resolved": "https://registry.npmjs.org/@abaplint/cli/-/cli-2.79.28.tgz",
      "integrity": "sha512-qILVYyaOl8g7QK0yAHHgCkTdmgpcCBVYYPe+Sm2STMwc4ed6nN8I6q4xDMlebe0pz3ibhWljZI212EtSoz1rEA=="
    }
  }
}
